
Microsoft Visual Studio Solution File, Format Version 12.00
# Visual Studio 15
VisualStudioVersion = 15.0.28307.757
MinimumVisualStudioVersion = 10.0.40219.1
Project("{FAE04EC0-301F-11D3-BF4B-00C04F79EFBC}") = "MessagingClientBaseCode", "MessagingClientBaseCode\MessagingClientBaseCode.csproj", "{3E98C077-95D9-4E52-A8AF-3EC671F5D2C2}"
EndProject
Project("{FAE04EC0-301F-11D3-BF4B-00C04F79EFBC}") = "MacVersion", "MacVersion\MacVersion.csproj", "{B96BC170-B42B-438C-A023-7EE103C27EFB}"
EndProject
Global
	GlobalSection(SolutionConfigurationPlatforms) = preSolution
		Debug|Any CPU = Debug|Any CPU
		Release|Any CPU = Release|Any CPU
	EndGlobalSection
	GlobalSection(ProjectConfigurationPlatforms) = postSolution
		{3E98C077-95D9-4E52-A8AF-3EC671F5D2C2}.Debug|Any CPU.ActiveCfg = Debug|Any CPU
		{3E98C077-95D9-4E52-A8AF-3EC671F5D2C2}.Debug|Any CPU.Build.0 = Debug|Any CPU
		{3E98C077-95D9-4E52-A8AF-3EC671F5D2C2}.Release|Any CPU.ActiveCfg = Release|Any CPU
		{3E98C077-95D9-4E52-A8AF-3EC671F5D2C2}.Release|Any CPU.Build.0 = Release|Any CPU
		{B96BC170-B42B-438C-A023-7EE103C27EFB}.Debug|Any CPU.ActiveCfg = Debug|Any CPU
		{B96BC170-B42B-438C-A023-7EE103C27EFB}.Debug|Any CPU.Build.0 = Debug|Any CPU
		{B96BC170-B42B-438C-A023-7EE103C27EFB}.Release|Any CPU.ActiveCfg = Release|Any CPU
		{B96BC170-B42B-438C-A023-7EE103C27EFB}.Release|Any CPU.Build.0 = Release|Any CPU
	EndGlobalSection
	GlobalSection(SolutionProperties) = preSolution
		HideSolutionNode = FALSE
	EndGlobalSection
	GlobalSection(ExtensibilityGlobals) = postSolution
		SolutionGuid = {C552489F-3ECF-49E6-B3B4-3B54848E99FC}
	EndGlobalSection
EndGlobal
